// !$*UTF8*$!
{
	archiveVersion = 1;
	classes = {
	};
	objectVersion = 51;
	objects = {

/* Begin PBXBuildFile section */
		482D38C522F3C1CB00C4C006 /* InputViewController.swift in Sources */ = {isa = PBXBuildFile; fileRef = 482D38C422F3C1CB00C4C006 /* InputViewController.swift */; };
		48B317D222EFEB8000F0F267 /* AppDelegate.swift in Sources */ = {isa = PBXBuildFile; fileRef = 48B317D122EFEB8000F0F267 /* AppDelegate.swift */; };
		48B317D422EFEB8000F0F267 /* ViewController.swift in Sources */ = {isa = PBXBuildFile; fileRef = 48B317D322EFEB8000F0F267 /* ViewController.swift */; };
		48B317D722EFEB8000F0F267 /* Main.storyboard in Resources */ = {isa = PBXBuildFile; fileRef = 48B317D522EFEB8000F0F267 /* Main.storyboard */; };
		48B317D922EFEB8100F0F267 /* Assets.xcassets in Resources */ = {isa = PBXBuildFile; fileRef = 48B317D822EFEB8100F0F267 /* Assets.xcassets */; };
		48B317DC22EFEB8100F0F267 /* LaunchScreen.storyboard in Resources */ = {isa = PBXBuildFile; fileRef = 48B317DA22EFEB8100F0F267 /* LaunchScreen.storyboard */; };
		48B317E622EFF0E500F0F267 /* Todo.swift in Sources */ = {isa = PBXBuildFile; fileRef = 48B317E522EFF0E500F0F267 /* Todo.swift */; };
		C5B4C0F0713D487A12A7EDFC /* Pods_RealmTodo.framework in Frameworks */ = {isa = PBXBuildFile; fileRef = 5023853C9272407DD7B05145 /* Pods_RealmTodo.framework */; };
/* End PBXBuildFile section */

/* Begin PBXFileReference section */
		482D38C422F3C1CB00C4C006 /* InputViewController.swift */ = {isa = PBXFileReference; lastKnownFileType = sourcecode.swift; path = InputViewController.swift; sourceTree = "<group>"; };
		48B317CE22EFEB8000F0F267 /* RealmTodo.app */ = {isa = PBXFileReference; explicitFileType = wrapper.application; includeInIndex = 0; path = RealmTodo.app; sourceTree = BUILT_PRODUCTS_DIR; };
		48B317D122EFEB8000F0F267 /* AppDelegate.swift */ = {isa = PBXFileReference; lastKnownFileType = sourcecode.swift; path = AppDelegate.swift; sourceTree = "<group>"; };
		48B317D322EFEB8000F0F267 /* ViewController.swift */ = {isa = PBXFileReference; lastKnownFileType = sourcecode.swift; path = ViewController.swift; sourceTree = "<group>"; };
		48B317D622EFEB8000F0F267 /* Base */ = {isa = PBXFileReference; lastKnownFileType = file.storyboard; name = Base; path = Base.lproj/Main.storyboard; sourceTree = "<group>"; };
		48B317D822EFEB8100F0F267 /* Assets.xcassets */ = {isa = PBXFileReference; lastKnownFileType = folder.assetcatalog; path = Assets.xcassets; sourceTree = "<group>"; };
		48B317DB22EFEB8100F0F267 /* Base */ = {isa = PBXFileReference; lastKnownFileType = file.storyboard; name = Base; path = Base.lproj/LaunchScreen.storyboard; sourceTree = "<group>"; };
		48B317DD22EFEB8100F0F267 /* Info.plist */ = {isa = PBXFileReference; lastKnownFileType = text.plist.xml; path = Info.plist; sourceTree = "<group>"; };
		48B317E522EFF0E500F0F267 /* Todo.swift */ = {isa = PBXFileReference; lastKnownFileType = sourcecode.swift; path = Todo.swift; sourceTree = "<group>"; };
		5023853C9272407DD7B05145 /* Pods_RealmTodo.framework */ = {isa = PBXFileReference; explicitFileType = wrapper.framework; includeInIndex = 0; path = Pods_RealmTodo.framework; sourceTree = BUILT_PRODUCTS_DIR; };
		8D8F2CC3A0078BA472411D02 /* Pods-RealmTodo.release.xcconfig */ = {isa = PBXFileReference; includeInIndex = 1; lastKnownFileType = text.xcconfig; name = "Pods-RealmTodo.release.xcconfig"; path = "Target Support Files/Pods-RealmTodo/Pods-RealmTodo.release.xcconfig"; sourceTree = "<group>"; };
		F92F45FB2697D2C6A59D83A8 /* Pods-RealmTodo.debug.xcconfig */ = {isa = PBXFileReference; includeInIndex = 1; lastKnownFileType = text.xcconfig; name = "Pods-RealmTodo.debug.xcconfig"; path = "Target Support Files/Pods-RealmTodo/Pods-RealmTodo.debug.xcconfig"; sourceTree = "<group>"; };
/* End PBXFileReference section */

/* Begin PBXFrameworksBuildPhase section */
		48B317CB22EFEB8000F0F267 /* Frameworks */ = {
			isa = PBXFrameworksBuildPhase;
			buildActionMask = 2147483647;
			files = (
				C5B4C0F0713D487A12A7EDFC /* Pods_RealmTodo.framework in Frameworks */,
			);
			runOnlyForDeploymentPostprocessing = 0;
		};
/* End PBXFrameworksBuildPhase section */

/* Begin PBXGroup section */
		48B317C522EFEB8000F0F267 = {
			isa = PBXGroup;
			children = (
				48B317D022EFEB8000F0F267 /* RealmTodo */,
				48B317CF22EFEB8000F0F267 /* Products */,
				B799AC6146F6F5A248DC38B9 /* Pods */,
				A0DA1344DBEB981A2381E74B /* Frameworks */,
			);
			sourceTree = "<group>";
		};
		48B317CF22EFEB8000F0F267 /* Products */ = {
			isa = PBXGroup;
			children = (
				48B317CE22EFEB8000F0F267 /* RealmTodo.app */,
			);
			name = Products;
			sourceTree = "<group>";
		};
		48B317D022EFEB8000F0F267 /* RealmTodo */ = {
			isa = PBXGroup;
			children = (
				48B317E822EFF17B00F0F267 /* Objects */,
				48B317E722EFF13E00F0F267 /* Controllers */,
				48B317D122EFEB8000F0F267 /* AppDelegate.swift */,
				48B317D522EFEB8000F0F267 /* Main.storyboard */,
				48B317D822EFEB8100F0F267 /* Assets.xcassets */,
				48B317DA22EFEB8100F0F267 /* LaunchScreen.storyboard */,
				48B317DD22EFEB8100F0F267 /* Info.plist */,
			);
			path = RealmTodo;
			sourceTree = "<group>";
		};
		48B317E722EFF13E00F0F267 /* Controllers */ = {
			isa = PBXGroup;
			children = (
				48B317D322EFEB8000F0F267 /* ViewController.swift */,
				482D38C422F3C1CB00C4C006 /* InputViewController.swift */,
			);
			path = Controllers;
			sourceTree = "<group>";
		};
		48B317E822EFF17B00F0F267 /* Objects */ = {
			isa = PBXGroup;
			children = (
				48B317E522EFF0E500F0F267 /* Todo.swift */,
			);
			path = Objects;
			sourceTree = "<group>";
		};
		A0DA1344DBEB981A2381E74B /* Frameworks */ = {
			isa = PBXGroup;
			children = (
				5023853C9272407DD7B05145 /* Pods_RealmTodo.framework */,
			);
			name = Frameworks;
			sourceTree = "<group>";
		};
		B799AC6146F6F5A248DC38B9 /* Pods */ = {
			isa = PBXGroup;
			children = (
				F92F45FB2697D2C6A59D83A8 /* Pods-RealmTodo.debug.xcconfig */,
				8D8F2CC3A0078BA472411D02 /* Pods-RealmTodo.release.xcconfig */,
			);
			path = Pods;
			sourceTree = "<group>";
		};
/* End PBXGroup section */

/* Begin PBXNativeTarget section */
		48B317CD22EFEB8000F0F267 /* RealmTodo */ = {
			isa = PBXNativeTarget;
			buildConfigurationList = 48B317E022EFEB8100F0F267 /* Build configuration list for PBXNativeTarget "RealmTodo" */;
			buildPhases = (
				C36638D440FF4A25840F29D0 /* [CP] Check Pods Manifest.lock */,
				48B317CA22EFEB8000F0F267 /* Sources */,
				48B317CB22EFEB8000F0F267 /* Frameworks */,
				48B317CC22EFEB8000F0F267 /* Resources */,
				21C6637A38CE4B351B05CCF9 /* [CP] Embed Pods Frameworks */,
			);
			buildRules = (
			);
			dependencies = (
			);
			name = RealmTodo;
			productName = RealmTodo;
			productReference = 48B317CE22EFEB8000F0F267 /* RealmTodo.app */;
			productType = "com.apple.product-type.application";
		};
/* End PBXNativeTarget section */

/* Begin PBXProject section */
		48B317C622EFEB8000F0F267 /* Project object */ = {
			isa = PBXProject;
			attributes = {
				LastSwiftUpdateCheck = 1030;
				LastUpgradeCheck = 1030;
				ORGANIZATIONNAME = "堀川浩二";
				TargetAttributes = {
					48B317CD22EFEB8000F0F267 = {
						CreatedOnToolsVersion = 10.3;
					};
				};
			};
			buildConfigurationList = 48B317C922EFEB8000F0F267 /* Build configuration list for PBXProject "RealmTodo" */;
			compatibilityVersion = "Xcode 9.3";
			developmentRegion = en;
			hasScannedForEncodings = 0;
			knownRegions = (
				en,
				Base,
			);
			mainGroup = 48B317C522EFEB8000F0F267;
			productRefGroup = 48B317CF22EFEB8000F0F267 /* Products */;
			projectDirPath = "";
			projectRoot = "";
			targets = (
				48B317CD22EFEB8000F0F267 /* RealmTodo */,
			);
		};
/* End PBXProject section */

/* Begin PBXResourcesBuildPhase section */
		48B317CC22EFEB8000F0F267 /* Resources */ = {
			isa = PBXResourcesBuildPhase;
			buildActionMask = 2147483647;
			files = (
				48B317DC22EFEB8100F0F267 /* LaunchScreen.storyboard in Resources */,
				48B317D922EFEB8100F0F267 /* Assets.xcassets in Resources */,
				48B317D722EFEB8000F0F267 /* Main.storyboard in Resources */,
			);
			runOnlyForDeploymentPostprocessing = 0;
		};
/* End PBXResourcesBuildPhase section */

/* Begin PBXShellScriptBuildPhase section */
		21C6637A38CE4B351B05CCF9 /* [CP] Embed Pods Frameworks */ = {
			isa = PBXShellScriptBuildPhase;
			buildActionMask = 2147483647;
			files = (
			);
			inputFileListPaths = (
				"${PODS_ROOT}/Target Support Files/Pods-RealmTodo/Pods-RealmTodo-frameworks-${CONFIGURATION}-input-files.xcfilelist",
			);
			name = "[CP] Embed Pods Frameworks";
			outputFileListPaths = (
				"${PODS_ROOT}/Target Support Files/Pods-RealmTodo/Pods-RealmTodo-frameworks-${CONFIGURATION}-output-files.xcfilelist",
			);
			runOnlyForDeploymentPostprocessing = 0;
			shellPath = /bin/sh;
			shellScript = "\"${PODS_ROOT}/Target Support Files/Pods-RealmTodo/Pods-RealmTodo-frameworks.sh\"\n";
			showEnvVarsInLog = 0;
		};
		C36638D440FF4A25840F29D0 /* [CP] Check Pods Manifest.lock */ = {
			isa = PBXShellScriptBuildPhase;
			buildActionMask = 2147483647;
			files = (
			);
			inputFileListPaths = (
			);
			inputPaths = (
				"${PODS_PODFILE_DIR_PATH}/Podfile.lock",
				"${PODS_ROOT}/Manifest.lock",
			);
			name = "[CP] Check Pods Manifest.lock";
			outputFileListPaths = (
			);
			outputPaths = (
				"$(DERIVED_FILE_DIR)/Pods-RealmTodo-checkManifestLockResult.txt",
			);
			runOnlyForDeploymentPostprocessing = 0;
			shellPath = /bin/sh;
			shellScript = "diff \"${PODS_PODFILE_DIR_PATH}/Podfile.lock\" \"${PODS_ROOT}/Manifest.lock\" > /dev/null\nif [ $? != 0 ] ; then\n    # print error to STDERR\n    echo \"error: The sandbox is not in sync with the Podfile.lock. Run 'pod install' or update your CocoaPods installation.\" >&2\n    exit 1\nfi\n# This output is used by Xcode 'outputs' to avoid re-running this script phase.\necho \"SUCCESS\" > \"${SCRIPT_OUTPUT_FILE_0}\"\n";
			showEnvVarsInLog = 0;
		};
/* End PBXShellScriptBuildPhase section */

/* Begin PBXSourcesBuildPhase section */
		48B317CA22EFEB8000F0F267 /* Sources */ = {
			isa = PBXSourcesBuildPhase;
			buildActionMask = 2147483647;
			files = (
				48B317D422EFEB8000F0F267 /* ViewController.swift in Sources */,
				48B317D222EFEB8000F0F267 /* AppDelegate.swift in Sources */,
				48B317E622EFF0E500F0F267 /* Todo.swift in Sources */,
				482D38C522F3C1CB00C4C006 /* InputViewController.swift in Sources */,
			);
			runOnlyForDeploymentPostprocessing = 0;
		};
/* End PBXSourcesBuildPhase section */

/* Begin PBXVariantGroup section */
		48B317D522EFEB8000F0F267 /* Main.storyboard */ = {
			isa = PBXVariantGroup;
			children = (
				48B317D622EFEB8000F0F267 /* Base */,
			);
			name = Main.storyboard;
			sourceTree = "<group>";
		};
		48B317DA22EFEB8100F0F267 /* LaunchScreen.storyboard */ = {
			isa = PBXVariantGroup;
			children = (
				48B317DB22EFEB8100F0F267 /* Base */,
			);
			name = LaunchScreen.storyboard;
			sourceTree = "<group>";
		};
/* End PBXVariantGroup section */

/* Begin XCBuildConfiguration section */
		48B317DE22EFEB8100F0F267 /* Debug */ = {
			isa = XCBuildConfiguration;
			buildSettings = {
				ALWAYS_SEARCH_USER_PATHS = NO;
				CLANG_ANALYZER_NONNULL = YES;
				CLANG_ANALYZER_NUMBER_OBJECT_CONVERSION = YES_AGGRESSIVE;
				CLANG_CXX_LANGUAGE_STANDARD = "gnu++14";
				CLANG_CXX_LIBRARY = "libc++";
				CLANG_ENABLE_MODULES = YES;
				CLANG_ENABLE_OBJC_ARC = YES;
				CLANG_ENABLE_OBJC_WEAK = YES;
				CLANG_WARN_BLOCK_CAPTURE_AUTORELEASING = YES;
				CLANG_WARN_BOOL_CONVERSION = YES;
				CLANG_WARN_COMMA = YES;
				CLANG_WARN_CONSTANT_CONVERSION = YES;
				CLANG_WARN_DEPRECATED_OBJC_IMPLEMENTATIONS = YES;
				CLANG_WARN_DIRECT_OBJC_ISA_USAGE = YES_ERROR;
				CLANG_WARN_DOCUMENTATION_COMMENTS = YES;
				CLANG_WARN_EMPTY_BODY = YES;
				CLANG_WARN_ENUM_CONVERSION = YES;
				CLANG_WARN_INFINITE_RECURSION = YES;
				CLANG_WARN_INT_CONVERSION = YES;
				CLANG_WARN_NON_LITERAL_NULL_CONVERSION = YES;
				CLANG_WARN_OBJC_IMPLICIT_RETAIN_SELF = YES;
				CLANG_WARN_OBJC_LITERAL_CONVERSION = YES;
				CLANG_WARN_OBJC_ROOT_CLASS = YES_ERROR;
				CLANG_WARN_RANGE_LOOP_ANALYSIS = YES;
				CLANG_WARN_STRICT_PROTOTYPES = YES;
				CLANG_WARN_SUSPICIOUS_MOVE = YES;
				CLANG_WARN_UNGUARDED_AVAILABILITY = YES_AGGRESSIVE;
				CLANG_WARN_UNREACHABLE_CODE = YES;
				CLANG_WARN__DUPLICATE_METHOD_MATCH = YES;
				CODE_SIGN_IDENTITY = "iPhone Developer";
				COPY_PHASE_STRIP = NO;
				DEBUG_INFORMATION_FORMAT = dwarf;
				ENABLE_STRICT_OBJC_MSGSEND = YES;
				ENABLE_TESTABILITY = YES;
				GCC_C_LANGUAGE_STANDARD = gnu11;
				GCC_DYNAMIC_NO_PIC = NO;
				GCC_NO_COMMON_BLOCKS = YES;
				GCC_OPTIMIZATION_LEVEL = 0;
				GCC_PREPROCESSOR_DEFINITIONS = (
					"DEBUG=1",
					"$(inherited)",
				);
				GCC_WARN_64_TO_32_BIT_CONVERSION = YES;
				GCC_WARN_ABOUT_RETURN_TYPE = YES_ERROR;
				GCC_WARN_UNDECLARED_SELECTOR = YES;
				GCC_WARN_UNINITIALIZED_AUTOS = YES_AGGRESSIVE;
				GCC_WARN_UNUSED_FUNCTION = YES;
				GCC_WARN_UNUSED_VARIABLE = YES;
				IPHONEOS_DEPLOYMENT_TARGET = 12.4;
				MTL_ENABLE_DEBUG_INFO = INCLUDE_SOURCE;
				MTL_FAST_MATH = YES;
				ONLY_ACTIVE_ARCH = YES;
				SDKROOT = iphoneos;
				SWIFT_ACTIVE_COMPILATION_CONDITIONS = DEBUG;
				SWIFT_OPTIMIZATION_LEVEL = "-Onone";
			};
			name = Debug;
		};
		48B317DF22EFEB8100F0F267 /* Release */ = {
			isa = XCBuildConfiguration;
			buildSettings = {
				ALWAYS_SEARCH_USER_PATHS = NO;
				CLANG_ANALYZER_NONNULL = YES;
				CLANG_ANALYZER_NUMBER_OBJECT_CONVERSION = YES_AGGRESSIVE;
				CLANG_CXX_LANGUAGE_STANDARD = "gnu++14";
				CLANG_CXX_LIBRARY = "libc++";
				CLANG_ENABLE_MODULES = YES;
				CLANG_ENABLE_OBJC_ARC = YES;
				CLANG_ENABLE_OBJC_WEAK = YES;
				CLANG_WARN_BLOCK_CAPTURE_AUTORELEASING = YES;
				CLANG_WARN_BOOL_CONVERSION = YES;
				CLANG_WARN_COMMA = YES;
				CLANG_WARN_CONSTANT_CONVERSION = YES;
				CLANG_WARN_DEPRECATED_OBJC_IMPLEMENTATIONS = YES;
				CLANG_WARN_DIRECT_OBJC_ISA_USAGE = YES_ERROR;
				CLANG_WARN_DOCUMENTATION_COMMENTS = YES;
				CLANG_WARN_EMPTY_BODY = YES;
				CLANG_WARN_ENUM_CONVERSION = YES;
				CLANG_WARN_INFINITE_RECURSION = YES;
				CLANG_WARN_INT_CONVERSION = YES;
				CLANG_WARN_NON_LITERAL_NULL_CONVERSION = YES;
				CLANG_WARN_OBJC_IMPLICIT_RETAIN_SELF = YES;
				CLANG_WARN_OBJC_LITERAL_CONVERSION = YES;
				CLANG_WARN_OBJC_ROOT_CLASS = YES_ERROR;
				CLANG_WARN_RANGE_LOOP_ANALYSIS = YES;
				CLANG_WARN_STRICT_PROTOTYPES = YES;
				CLANG_WARN_SUSPICIOUS_MOVE = YES;
				CLANG_WARN_UNGUARDED_AVAILABILITY = YES_AGGRESSIVE;
				CLANG_WARN_UNREACHABLE_CODE = YES;
				CLANG_WARN__DUPLICATE_METHOD_MATCH = YES;
				CODE_SIGN_IDENTITY = "iPhone Developer";
				COPY_PHASE_STRIP = NO;
				DEBUG_INFORMATION_FORMAT = "dwarf-with-dsym";
				ENABLE_NS_ASSERTIONS = NO;
				ENABLE_STRICT_OBJC_MSGSEND = YES;
				GCC_C_LANGUAGE_STANDARD = gnu11;
				GCC_NO_COMMON_BLOCKS = YES;
				GCC_WARN_64_TO_32_BIT_CONVERSION = YES;
				GCC_WARN_ABOUT_RETURN_TYPE = YES_ERROR;
				GCC_WARN_UNDECLARED_SELECTOR = YES;
				GCC_WARN_UNINITIALIZED_AUTOS = YES_AGGRESSIVE;
				GCC_WARN_UNUSED_FUNCTION = YES;
				GCC_WARN_UNUSED_VARIABLE = YES;
				IPHONEOS_DEPLOYMENT_TARGET = 12.4;
				MTL_ENABLE_DEBUG_INFO = NO;
				MTL_FAST_MATH = YES;
				SDKROOT = iphoneos;
				SWIFT_COMPILATION_MODE = wholemodule;
				SWIFT_OPTIMIZATION_LEVEL = "-O";
				VALIDATE_PRODUCT = YES;
			};
			name = Release;
		};
		48B317E122EFEB8100F0F267 /* Debug */ = {
			isa = XCBuildConfiguration;
			baseConfigurationReference = F92F45FB2697D2C6A59D83A8 /* Pods-RealmTodo.debug.xcconfig */;
			buildSettings = {
				ASSETCATALOG_COMPILER_APPICON_NAME = AppIcon;
				CODE_SIGN_STYLE = Automatic;
				DEVELOPMENT_TEAM = UP973592FU;
				INFOPLIST_FILE = RealmTodo/Info.plist;
				LD_RUNPATH_SEARCH_PATHS = (
					"$(inherited)",
					"@executable_path/Frameworks",
				);
				PRODUCT_BUNDLE_IDENTIFIER = jp.kuchuan.RealmTodo;
				PRODUCT_NAME = "$(TARGET_NAME)";
				SWIFT_VERSION = 5.0;
				TARGETED_DEVICE_FAMILY = "1,2";
			};
			name = Debug;
		};
		48B317E222EFEB8100F0F267 /* Release */ = {
			isa = XCBuildConfiguration;
			baseConfigurationReference = 8D8F2CC3A0078BA472411D02 /* Pods-RealmTodo.release.xcconfig */;
			buildSettings = {
				ASSETCATALOG_COMPILER_APPICON_NAME = AppIcon;
				CODE_SIGN_STYLE = Automatic;
				DEVELOPMENT_TEAM = UP973592FU;
				INFOPLIST_FILE = RealmTodo/Info.plist;
				LD_RUNPATH_SEARCH_PATHS = (
					"$(inherited)",
					"@executable_path/Frameworks",
				);
				PRODUCT_BUNDLE_IDENTIFIER = jp.kuchuan.RealmTodo;
				PRODUCT_NAME = "$(TARGET_NAME)";
				SWIFT_VERSION = 5.0;
				TARGETED_DEVICE_FAMILY = "1,2";
			};
			name = Release;
		};
/* End XCBuildConfiguration section */

/* Begin XCConfigurationList section */
		48B317C922EFEB8000F0F267 /* Build configuration list for PBXProject "RealmTodo" */ = {
			isa = XCConfigurationList;
			buildConfigurations = (
				48B317DE22EFEB8100F0F267 /* Debug */,
				48B317DF22EFEB8100F0F267 /* Release */,
			);
			defaultConfigurationIsVisible = 0;
			defaultConfigurationName = Release;
		};
		48B317E022EFEB8100F0F267 /* Build configuration list for PBXNativeTarget "RealmTodo" */ = {
			isa = XCConfigurationList;
			buildConfigurations = (
				48B317E122EFEB8100F0F267 /* Debug */,
				48B317E222EFEB8100F0F267 /* Release */,
			);
			defaultConfigurationIsVisible = 0;
			defaultConfigurationName = Release;
		};
/* End XCConfigurationList section */
	};
	rootObject = 48B317C622EFEB8000F0F267 /* Project object */;
}
